// !$*UTF8*$!
{
	archiveVersion = 1;
	classes = {
	};
	objectVersion = 50;
	objects = {

/* Begin PBXBuildFile section */
		FF4CC5F926249AA4001478F3 /* AppDelegate.swift in Sources */ = {isa = PBXBuildFile; fileRef = FF4CC5F826249AA4001478F3 /* AppDelegate.swift */; };
		FF4CC5FB26249AA4001478F3 /* SceneDelegate.swift in Sources */ = {isa = PBXBuildFile; fileRef = FF4CC5FA26249AA4001478F3 /* SceneDelegate.swift */; };
		FF4CC5FD26249AA4001478F3 /* ViewController.swift in Sources */ = {isa = PBXBuildFile; fileRef = FF4CC5FC26249AA4001478F3 /* ViewController.swift */; };
		FF4CC60026249AA4001478F3 /* Main.storyboard in Resources */ = {isa = PBXBuildFile; fileRef = FF4CC5FE26249AA4001478F3 /* Main.storyboard */; };
		FF4CC60226249AA5001478F3 /* Assets.xcassets in Resources */ = {isa = PBXBuildFile; fileRef = FF4CC60126249AA5001478F3 /* Assets.xcassets */; };
		FF4CC60526249AA5001478F3 /* LaunchScreen.storyboard in Resources */ = {isa = PBXBuildFile; fileRef = FF4CC60326249AA5001478F3 /* LaunchScreen.storyboard */; };
		FF4CC61026249AA6001478F3 /* UITableView_UITableCellTwoTests.swift in Sources */ = {isa = PBXBuildFile; fileRef = FF4CC60F26249AA6001478F3 /* UITableView_UITableCellTwoTests.swift */; };
		FF4CC61B26249AA6001478F3 /* UITableView_UITableCellTwoUITests.swift in Sources */ = {isa = PBXBuildFile; fileRef = FF4CC61A26249AA6001478F3 /* UITableView_UITableCellTwoUITests.swift */; };
/* End PBXBuildFile section */

/* Begin PBXContainerItemProxy section */
		FF4CC60C26249AA6001478F3 /* PBXContainerItemProxy */ = {
			isa = PBXContainerItemProxy;
			containerPortal = FF4CC5ED26249AA4001478F3 /* Project object */;
			proxyType = 1;
			remoteGlobalIDString = FF4CC5F426249AA4001478F3;
			remoteInfo = UITableView.UITableCellTwo;
		};
		FF4CC61726249AA6001478F3 /* PBXContainerItemProxy */ = {
			isa = PBXContainerItemProxy;
			containerPortal = FF4CC5ED26249AA4001478F3 /* Project object */;
			proxyType = 1;
			remoteGlobalIDString = FF4CC5F426249AA4001478F3;
			remoteInfo = UITableView.UITableCellTwo;
		};
/* End PBXContainerItemProxy section */

/* Begin PBXFileReference section */
		FF4CC5F526249AA4001478F3 /* UITableView.UITableCellTwo.app */ = {isa = PBXFileReference; explicitFileType = wrapper.application; includeInIndex = 0; path = UITableView.UITableCellTwo.app; sourceTree = BUILT_PRODUCTS_DIR; };
		FF4CC5F826249AA4001478F3 /* AppDelegate.swift */ = {isa = PBXFileReference; lastKnownFileType = sourcecode.swift; path = AppDelegate.swift; sourceTree = "<group>"; };
		FF4CC5FA26249AA4001478F3 /* SceneDelegate.swift */ = {isa = PBXFileReference; lastKnownFileType = sourcecode.swift; path = SceneDelegate.swift; sourceTree = "<group>"; };
		FF4CC5FC26249AA4001478F3 /* ViewController.swift */ = {isa = PBXFileReference; lastKnownFileType = sourcecode.swift; path = ViewController.swift; sourceTree = "<group>"; };
		FF4CC5FF26249AA4001478F3 /* Base */ = {isa = PBXFileReference; lastKnownFileType = file.storyboard; name = Base; path = Base.lproj/Main.storyboard; sourceTree = "<group>"; };
		FF4CC60126249AA5001478F3 /* Assets.xcassets */ = {isa = PBXFileReference; lastKnownFileType = folder.assetcatalog; path = Assets.xcassets; sourceTree = "<group>"; };
		FF4CC60426249AA5001478F3 /* Base */ = {isa = PBXFileReference; lastKnownFileType = file.storyboard; name = Base; path = Base.lproj/LaunchScreen.storyboard; sourceTree = "<group>"; };
		FF4CC60626249AA5001478F3 /* Info.plist */ = {isa = PBXFileReference; lastKnownFileType = text.plist.xml; path = Info.plist; sourceTree = "<group>"; };
		FF4CC60B26249AA6001478F3 /* UITableView.UITableCellTwoTests.xctest */ = {isa = PBXFileReference; explicitFileType = wrapper.cfbundle; includeInIndex = 0; path = UITableView.UITableCellTwoTests.xctest; sourceTree = BUILT_PRODUCTS_DIR; };
		FF4CC60F26249AA6001478F3 /* UITableView_UITableCellTwoTests.swift */ = {isa = PBXFileReference; lastKnownFileType = sourcecode.swift; path = UITableView_UITableCellTwoTests.swift; sourceTree = "<group>"; };
		FF4CC61126249AA6001478F3 /* Info.plist */ = {isa = PBXFileReference; lastKnownFileType = text.plist.xml; path = Info.plist; sourceTree = "<group>"; };
		FF4CC61626249AA6001478F3 /* UITableView.UITableCellTwoUITests.xctest */ = {isa = PBXFileReference; explicitFileType = wrapper.cfbundle; includeInIndex = 0; path = UITableView.UITableCellTwoUITests.xctest; sourceTree = BUILT_PRODUCTS_DIR; };
		FF4CC61A26249AA6001478F3 /* UITableView_UITableCellTwoUITests.swift */ = {isa = PBXFileReference; lastKnownFileType = sourcecode.swift; path = UITableView_UITableCellTwoUITests.swift; sourceTree = "<group>"; };
		FF4CC61C26249AA6001478F3 /* Info.plist */ = {isa = PBXFileReference; lastKnownFileType = text.plist.xml; path = Info.plist; sourceTree = "<group>"; };
/* End PBXFileReference section */

/* Begin PBXFrameworksBuildPhase section */
		FF4CC5F226249AA4001478F3 /* Frameworks */ = {
			isa = PBXFrameworksBuildPhase;
			buildActionMask = 2147483647;
			files = (
			);
			runOnlyForDeploymentPostprocessing = 0;
		};
		FF4CC60826249AA6001478F3 /* Frameworks */ = {
			isa = PBXFrameworksBuildPhase;
			buildActionMask = 2147483647;
			files = (
			);
			runOnlyForDeploymentPostprocessing = 0;
		};
		FF4CC61326249AA6001478F3 /* Frameworks */ = {
			isa = PBXFrameworksBuildPhase;
			buildActionMask = 2147483647;
			files = (
			);
			runOnlyForDeploymentPostprocessing = 0;
		};
/* End PBXFrameworksBuildPhase section */

/* Begin PBXGroup section */
		FF4CC5EC26249AA4001478F3 = {
			isa = PBXGroup;
			children = (
				FF4CC5F726249AA4001478F3 /* UITableView.UITableCellTwo */,
				FF4CC60E26249AA6001478F3 /* UITableView.UITableCellTwoTests */,
				FF4CC61926249AA6001478F3 /* UITableView.UITableCellTwoUITests */,
				FF4CC5F626249AA4001478F3 /* Products */,
			);
			sourceTree = "<group>";
		};
		FF4CC5F626249AA4001478F3 /* Products */ = {
			isa = PBXGroup;
			children = (
				FF4CC5F526249AA4001478F3 /* UITableView.UITableCellTwo.app */,
				FF4CC60B26249AA6001478F3 /* UITableView.UITableCellTwoTests.xctest */,
				FF4CC61626249AA6001478F3 /* UITableView.UITableCellTwoUITests.xctest */,
			);
			name = Products;
			sourceTree = "<group>";
		};
		FF4CC5F726249AA4001478F3 /* UITableView.UITableCellTwo */ = {
			isa = PBXGroup;
			children = (
				FF4CC5F826249AA4001478F3 /* AppDelegate.swift */,
				FF4CC5FA26249AA4001478F3 /* SceneDelegate.swift */,
				FF4CC5FC26249AA4001478F3 /* ViewController.swift */,
				FF4CC5FE26249AA4001478F3 /* Main.storyboard */,
				FF4CC60126249AA5001478F3 /* Assets.xcassets */,
				FF4CC60326249AA5001478F3 /* LaunchScreen.storyboard */,
				FF4CC60626249AA5001478F3 /* Info.plist */,
			);
			path = UITableView.UITableCellTwo;
			sourceTree = "<group>";
		};
		FF4CC60E26249AA6001478F3 /* UITableView.UITableCellTwoTests */ = {
			isa = PBXGroup;
			children = (
				FF4CC60F26249AA6001478F3 /* UITableView_UITableCellTwoTests.swift */,
				FF4CC61126249AA6001478F3 /* Info.plist */,
			);
			path = UITableView.UITableCellTwoTests;
			sourceTree = "<group>";
		};
		FF4CC61926249AA6001478F3 /* UITableView.UITableCellTwoUITests */ = {
			isa = PBXGroup;
			children = (
				FF4CC61A26249AA6001478F3 /* UITableView_UITableCellTwoUITests.swift */,
				FF4CC61C26249AA6001478F3 /* Info.plist */,
			);
			path = UITableView.UITableCellTwoUITests;
			sourceTree = "<group>";
		};
/* End PBXGroup section */

/* Begin PBXNativeTarget section */
		FF4CC5F426249AA4001478F3 /* UITableView.UITableCellTwo */ = {
			isa = PBXNativeTarget;
			buildConfigurationList = FF4CC61F26249AA6001478F3 /* Build configuration list for PBXNativeTarget "UITableView.UITableCellTwo" */;
			buildPhases = (
				FF4CC5F126249AA4001478F3 /* Sources */,
				FF4CC5F226249AA4001478F3 /* Frameworks */,
				FF4CC5F326249AA4001478F3 /* Resources */,
			);
			buildRules = (
			);
			dependencies = (
			);
			name = UITableView.UITableCellTwo;
			productName = UITableView.UITableCellTwo;
			productReference = FF4CC5F526249AA4001478F3 /* UITableView.UITableCellTwo.app */;
			productType = "com.apple.product-type.application";
		};
		FF4CC60A26249AA6001478F3 /* UITableView.UITableCellTwoTests */ = {
			isa = PBXNativeTarget;
			buildConfigurationList = FF4CC62226249AA6001478F3 /* Build configuration list for PBXNativeTarget "UITableView.UITableCellTwoTests" */;
			buildPhases = (
				FF4CC60726249AA6001478F3 /* Sources */,
				FF4CC60826249AA6001478F3 /* Frameworks */,
				FF4CC60926249AA6001478F3 /* Resources */,
			);
			buildRules = (
			);
			dependencies = (
				FF4CC60D26249AA6001478F3 /* PBXTargetDependency */,
			);
			name = UITableView.UITableCellTwoTests;
			productName = UITableView.UITableCellTwoTests;
			productReference = FF4CC60B26249AA6001478F3 /* UITableView.UITableCellTwoTests.xctest */;
			productType = "com.apple.product-type.bundle.unit-test";
		};
		FF4CC61526249AA6001478F3 /* UITableView.UITableCellTwoUITests */ = {
			isa = PBXNativeTarget;
			buildConfigurationList = FF4CC62526249AA6001478F3 /* Build configuration list for PBXNativeTarget "UITableView.UITableCellTwoUITests" */;
			buildPhases = (
				FF4CC61226249AA6001478F3 /* Sources */,
				FF4CC61326249AA6001478F3 /* Frameworks */,
				FF4CC61426249AA6001478F3 /* Resources */,
			);
			buildRules = (
			);
			dependencies = (
				FF4CC61826249AA6001478F3 /* PBXTargetDependency */,
			);
			name = UITableView.UITableCellTwoUITests;
			productName = UITableView.UITableCellTwoUITests;
			productReference = FF4CC61626249AA6001478F3 /* UITableView.UITableCellTwoUITests.xctest */;
			productType = "com.apple.product-type.bundle.ui-testing";
		};
/* End PBXNativeTarget section */

/* Begin PBXProject section */
		FF4CC5ED26249AA4001478F3 /* Project object */ = {
			isa = PBXProject;
			attributes = {
				LastSwiftUpdateCheck = 1240;
				LastUpgradeCheck = 1240;
				TargetAttributes = {
					FF4CC5F426249AA4001478F3 = {
						CreatedOnToolsVersion = 12.4;
					};
					FF4CC60A26249AA6001478F3 = {
						CreatedOnToolsVersion = 12.4;
						TestTargetID = FF4CC5F426249AA4001478F3;
					};
					FF4CC61526249AA6001478F3 = {
						CreatedOnToolsVersion = 12.4;
						TestTargetID = FF4CC5F426249AA4001478F3;
					};
				};
			};
			buildConfigurationList = FF4CC5F026249AA4001478F3 /* Build configuration list for PBXProject "UITableView.UITableCellTwo" */;
			compatibilityVersion = "Xcode 9.3";
			developmentRegion = en;
			hasScannedForEncodings = 0;
			knownRegions = (
				en,
				Base,
			);
			mainGroup = FF4CC5EC26249AA4001478F3;
			productRefGroup = FF4CC5F626249AA4001478F3 /* Products */;
			projectDirPath = "";
			projectRoot = "";
			targets = (
				FF4CC5F426249AA4001478F3 /* UITableView.UITableCellTwo */,
				FF4CC60A26249AA6001478F3 /* UITableView.UITableCellTwoTests */,
				FF4CC61526249AA6001478F3 /* UITableView.UITableCellTwoUITests */,
			);
		};
/* End PBXProject section */

/* Begin PBXResourcesBuildPhase section */
		FF4CC5F326249AA4001478F3 /* Resources */ = {
			isa = PBXResourcesBuildPhase;
			buildActionMask = 2147483647;
			files = (
				FF4CC60526249AA5001478F3 /* LaunchScreen.storyboard in Resources */,
				FF4CC60226249AA5001478F3 /* Assets.xcassets in Resources */,
				FF4CC60026249AA4001478F3 /* Main.storyboard in Resources */,
			);
			runOnlyForDeploymentPostprocessing = 0;
		};
		FF4CC60926249AA6001478F3 /* Resources */ = {
			isa = PBXResourcesBuildPhase;
			buildActionMask = 2147483647;
			files = (
			);
			runOnlyForDeploymentPostprocessing = 0;
		};
		FF4CC61426249AA6001478F3 /* Resources */ = {
			isa = PBXResourcesBuildPhase;
			buildActionMask = 2147483647;
			files = (
			);
			runOnlyForDeploymentPostprocessing = 0;
		};
/* End PBXResourcesBuildPhase section */

/* Begin PBXSourcesBuildPhase section */
		FF4CC5F126249AA4001478F3 /* Sources */ = {
			isa = PBXSourcesBuildPhase;
			buildActionMask = 2147483647;
			files = (
				FF4CC5FD26249AA4001478F3 /* ViewController.swift in Sources */,
				FF4CC5F926249AA4001478F3 /* AppDelegate.swift in Sources */,
				FF4CC5FB26249AA4001478F3 /* SceneDelegate.swift in Sources */,
			);
			runOnlyForDeploymentPostprocessing = 0;
		};
		FF4CC60726249AA6001478F3 /* Sources */ = {
			isa = PBXSourcesBuildPhase;
			buildActionMask = 2147483647;
			files = (
				FF4CC61026249AA6001478F3 /* UITableView_UITableCellTwoTests.swift in Sources */,
			);
			runOnlyForDeploymentPostprocessing = 0;
		};
		FF4CC61226249AA6001478F3 /* Sources */ = {
			isa = PBXSourcesBuildPhase;
			buildActionMask = 2147483647;
			files = (
				FF4CC61B26249AA6001478F3 /* UITableView_UITableCellTwoUITests.swift in Sources */,
			);
			runOnlyForDeploymentPostprocessing = 0;
		};
/* End PBXSourcesBuildPhase section */

/* Begin PBXTargetDependency section */
		FF4CC60D26249AA6001478F3 /* PBXTargetDependency */ = {
			isa = PBXTargetDependency;
			target = FF4CC5F426249AA4001478F3 /* UITableView.UITableCellTwo */;
			targetProxy = FF4CC60C26249AA6001478F3 /* PBXContainerItemProxy */;
		};
		FF4CC61826249AA6001478F3 /* PBXTargetDependency */ = {
			isa = PBXTargetDependency;
			target = FF4CC5F426249AA4001478F3 /* UITableView.UITableCellTwo */;
			targetProxy = FF4CC61726249AA6001478F3 /* PBXContainerItemProxy */;
		};
/* End PBXTargetDependency section */

/* Begin PBXVariantGroup section */
		FF4CC5FE26249AA4001478F3 /* Main.storyboard */ = {
			isa = PBXVariantGroup;
			children = (
				FF4CC5FF26249AA4001478F3 /* Base */,
			);
			name = Main.storyboard;
			sourceTree = "<group>";
		};
		FF4CC60326249AA5001478F3 /* LaunchScreen.storyboard */ = {
			isa = PBXVariantGroup;
			children = (
				FF4CC60426249AA5001478F3 /* Base */,
			);
			name = LaunchScreen.storyboard;
			sourceTree = "<group>";
		};
/* End PBXVariantGroup section */

/* Begin XCBuildConfiguration section */
		FF4CC61D26249AA6001478F3 /* Debug */ = {
			isa = XCBuildConfiguration;
			buildSettings = {
				ALWAYS_SEARCH_USER_PATHS = NO;
				CLANG_ANALYZER_NONNULL = YES;
				CLANG_ANALYZER_NUMBER_OBJECT_CONVERSION = YES_AGGRESSIVE;
				CLANG_CXX_LANGUAGE_STANDARD = "gnu++14";
				CLANG_CXX_LIBRARY = "libc++";
				CLANG_ENABLE_MODULES = YES;
				CLANG_ENABLE_OBJC_ARC = YES;
				CLANG_ENABLE_OBJC_WEAK = YES;
				CLANG_WARN_BLOCK_CAPTURE_AUTORELEASING = YES;
				CLANG_WARN_BOOL_CONVERSION = YES;
				CLANG_WARN_COMMA = YES;
				CLANG_WARN_CONSTANT_CONVERSION = YES;
				CLANG_WARN_DEPRECATED_OBJC_IMPLEMENTATIONS = YES;
				CLANG_WARN_DIRECT_OBJC_ISA_USAGE = YES_ERROR;
				CLANG_WARN_DOCUMENTATION_COMMENTS = YES;
				CLANG_WARN_EMPTY_BODY = YES;
				CLANG_WARN_ENUM_CONVERSION = YES;
				CLANG_WARN_INFINITE_RECURSION = YES;
				CLANG_WARN_INT_CONVERSION = YES;
				CLANG_WARN_NON_LITERAL_NULL_CONVERSION = YES;
				CLANG_WARN_OBJC_IMPLICIT_RETAIN_SELF = YES;
				CLANG_WARN_OBJC_LITERAL_CONVERSION = YES;
				CLANG_WARN_OBJC_ROOT_CLASS = YES_ERROR;
				CLANG_WARN_QUOTED_INCLUDE_IN_FRAMEWORK_HEADER = YES;
				CLANG_WARN_RANGE_LOOP_ANALYSIS = YES;
				CLANG_WARN_STRICT_PROTOTYPES = YES;
				CLANG_WARN_SUSPICIOUS_MOVE = YES;
				CLANG_WARN_UNGUARDED_AVAILABILITY = YES_AGGRESSIVE;
				CLANG_WARN_UNREACHABLE_CODE = YES;
				CLANG_WARN__DUPLICATE_METHOD_MATCH = YES;
				COPY_PHASE_STRIP = NO;
				DEBUG_INFORMATION_FORMAT = dwarf;
				ENABLE_STRICT_OBJC_MSGSEND = YES;
				ENABLE_TESTABILITY = YES;
				GCC_C_LANGUAGE_STANDARD = gnu11;
				GCC_DYNAMIC_NO_PIC = NO;
				GCC_NO_COMMON_BLOCKS = YES;
				GCC_OPTIMIZATION_LEVEL = 0;
				GCC_PREPROCESSOR_DEFINITIONS = (
					"DEBUG=1",
					"$(inherited)",
				);
				GCC_WARN_64_TO_32_BIT_CONVERSION = YES;
				GCC_WARN_ABOUT_RETURN_TYPE = YES_ERROR;
				GCC_WARN_UNDECLARED_SELECTOR = YES;
				GCC_WARN_UNINITIALIZED_AUTOS = YES_AGGRESSIVE;
				GCC_WARN_UNUSED_FUNCTION = YES;
				GCC_WARN_UNUSED_VARIABLE = YES;
				IPHONEOS_DEPLOYMENT_TARGET = 14.4;
				MTL_ENABLE_DEBUG_INFO = INCLUDE_SOURCE;
				MTL_FAST_MATH = YES;
				ONLY_ACTIVE_ARCH = YES;
				SDKROOT = iphoneos;
				SWIFT_ACTIVE_COMPILATION_CONDITIONS = DEBUG;
				SWIFT_OPTIMIZATION_LEVEL = "-Onone";
			};
			name = Debug;
		};
		FF4CC61E26249AA6001478F3 /* Release */ = {
			isa = XCBuildConfiguration;
			buildSettings = {
				ALWAYS_SEARCH_USER_PATHS = NO;
				CLANG_ANALYZER_NONNULL = YES;
				CLANG_ANALYZER_NUMBER_OBJECT_CONVERSION = YES_AGGRESSIVE;
				CLANG_CXX_LANGUAGE_STANDARD = "gnu++14";
				CLANG_CXX_LIBRARY = "libc++";
				CLANG_ENABLE_MODULES = YES;
				CLANG_ENABLE_OBJC_ARC = YES;
				CLANG_ENABLE_OBJC_WEAK = YES;
				CLANG_WARN_BLOCK_CAPTURE_AUTORELEASING = YES;
				CLANG_WARN_BOOL_CONVERSION = YES;
				CLANG_WARN_COMMA = YES;
				CLANG_WARN_CONSTANT_CONVERSION = YES;
				CLANG_WARN_DEPRECATED_OBJC_IMPLEMENTATIONS = YES;
				CLANG_WARN_DIRECT_OBJC_ISA_USAGE = YES_ERROR;
				CLANG_WARN_DOCUMENTATION_COMMENTS = YES;
				CLANG_WARN_EMPTY_BODY = YES;
				CLANG_WARN_ENUM_CONVERSION = YES;
				CLANG_WARN_INFINITE_RECURSION = YES;
				CLANG_WARN_INT_CONVERSION = YES;
				CLANG_WARN_NON_LITERAL_NULL_CONVERSION = YES;
				CLANG_WARN_OBJC_IMPLICIT_RETAIN_SELF = YES;
				CLANG_WARN_OBJC_LITERAL_CONVERSION = YES;
				CLANG_WARN_OBJC_ROOT_CLASS = YES_ERROR;
				CLANG_WARN_QUOTED_INCLUDE_IN_FRAMEWORK_HEADER = YES;
				CLANG_WARN_RANGE_LOOP_ANALYSIS = YES;
				CLANG_WARN_STRICT_PROTOTYPES = YES;
				CLANG_WARN_SUSPICIOUS_MOVE = YES;
				CLANG_WARN_UNGUARDED_AVAILABILITY = YES_AGGRESSIVE;
				CLANG_WARN_UNREACHABLE_CODE = YES;
				CLANG_WARN__DUPLICATE_METHOD_MATCH = YES;
				COPY_PHASE_STRIP = NO;
				DEBUG_INFORMATION_FORMAT = "dwarf-with-dsym";
				ENABLE_NS_ASSERTIONS = NO;
				ENABLE_STRICT_OBJC_MSGSEND = YES;
				GCC_C_LANGUAGE_STANDARD = gnu11;
				GCC_NO_COMMON_BLOCKS = YES;
				GCC_WARN_64_TO_32_BIT_CONVERSION = YES;
				GCC_WARN_ABOUT_RETURN_TYPE = YES_ERROR;
				GCC_WARN_UNDECLARED_SELECTOR = YES;
				GCC_WARN_UNINITIALIZED_AUTOS = YES_AGGRESSIVE;
				GCC_WARN_UNUSED_FUNCTION = YES;
				GCC_WARN_UNUSED_VARIABLE = YES;
				IPHONEOS_DEPLOYMENT_TARGET = 14.4;
				MTL_ENABLE_DEBUG_INFO = NO;
				MTL_FAST_MATH = YES;
				SDKROOT = iphoneos;
				SWIFT_COMPILATION_MODE = wholemodule;
				SWIFT_OPTIMIZATION_LEVEL = "-O";
				VALIDATE_PRODUCT = YES;
			};
			name = Release;
		};
		FF4CC62026249AA6001478F3 /* Debug */ = {
			isa = XCBuildConfiguration;
			buildSettings = {
				ASSETCATALOG_COMPILER_APPICON_NAME = AppIcon;
				ASSETCATALOG_COMPILER_GLOBAL_ACCENT_COLOR_NAME = AccentColor;
				CODE_SIGN_STYLE = Automatic;
				DEVELOPMENT_TEAM = HT46X4SNBR;
				INFOPLIST_FILE = UITableView.UITableCellTwo/Info.plist;
				LD_RUNPATH_SEARCH_PATHS = (
					"$(inherited)",
					"@executable_path/Frameworks",
				);
				PRODUCT_BUNDLE_IDENTIFIER = "com.LearnIOS.UITableView-UITableCellTwo";
				PRODUCT_NAME = "$(TARGET_NAME)";
				SWIFT_VERSION = 5.0;
				TARGETED_DEVICE_FAMILY = "1,2";
			};
			name = Debug;
		};
		FF4CC62126249AA6001478F3 /* Release */ = {
			isa = XCBuildConfiguration;
			buildSettings = {
				ASSETCATALOG_COMPILER_APPICON_NAME = AppIcon;
				ASSETCATALOG_COMPILER_GLOBAL_ACCENT_COLOR_NAME = AccentColor;
				CODE_SIGN_STYLE = Automatic;
				DEVELOPMENT_TEAM = HT46X4SNBR;
				INFOPLIST_FILE = UITableView.UITableCellTwo/Info.plist;
				LD_RUNPATH_SEARCH_PATHS = (
					"$(inherited)",
					"@executable_path/Frameworks",
				);
				PRODUCT_BUNDLE_IDENTIFIER = "com.LearnIOS.UITableView-UITableCellTwo";
				PRODUCT_NAME = "$(TARGET_NAME)";
				SWIFT_VERSION = 5.0;
				TARGETED_DEVICE_FAMILY = "1,2";
			};
			name = Release;
		};
		FF4CC62326249AA6001478F3 /* Debug */ = {
			isa = XCBuildConfiguration;
			buildSettings = {
				ALWAYS_EMBED_SWIFT_STANDARD_LIBRARIES = YES;
				BUNDLE_LOADER = "$(TEST_HOST)";
				CODE_SIGN_STYLE = Automatic;
				DEVELOPMENT_TEAM = HT46X4SNBR;
				INFOPLIST_FILE = UITableView.UITableCellTwoTests/Info.plist;
				IPHONEOS_DEPLOYMENT_TARGET = 14.4;
				LD_RUNPATH_SEARCH_PATHS = (
					"$(inherited)",
					"@executable_path/Frameworks",
					"@loader_path/Frameworks",
				);
				PRODUCT_BUNDLE_IDENTIFIER = "com.LearnIOS.UITableView-UITableCellTwoTests";
				PRODUCT_NAME = "$(TARGET_NAME)";
				SWIFT_VERSION = 5.0;
				TARGETED_DEVICE_FAMILY = "1,2";
				TEST_HOST = "$(BUILT_PRODUCTS_DIR)/UITableView.UITableCellTwo.app/UITableView.UITableCellTwo";
			};
			name = Debug;
		};
		FF4CC62426249AA6001478F3 /* Release */ = {
			isa = XCBuildConfiguration;
			buildSettings = {
				ALWAYS_EMBED_SWIFT_STANDARD_LIBRARIES = YES;
				BUNDLE_LOADER = "$(TEST_HOST)";
				CODE_SIGN_STYLE = Automatic;
				DEVELOPMENT_TEAM = HT46X4SNBR;
				INFOPLIST_FILE = UITableView.UITableCellTwoTests/Info.plist;
				IPHONEOS_DEPLOYMENT_TARGET = 14.4;
				LD_RUNPATH_SEARCH_PATHS = (
					"$(inherited)",
					"@executable_path/Frameworks",
					"@loader_path/Frameworks",
				);
				PRODUCT_BUNDLE_IDENTIFIER = "com.LearnIOS.UITableView-UITableCellTwoTests";
				PRODUCT_NAME = "$(TARGET_NAME)";
				SWIFT_VERSION = 5.0;
				TARGETED_DEVICE_FAMILY = "1,2";
				TEST_HOST = "$(BUILT_PRODUCTS_DIR)/UITableView.UITableCellTwo.app/UITableView.UITableCellTwo";
			};
			name = Release;
		};
		FF4CC62626249AA6001478F3 /* Debug */ = {
			isa = XCBuildConfiguration;
			buildSettings = {
				ALWAYS_EMBED_SWIFT_STANDARD_LIBRARIES = YES;
				CODE_SIGN_STYLE = Automatic;
				DEVELOPMENT_TEAM = HT46X4SNBR;
				INFOPLIST_FILE = UITableView.UITableCellTwoUITests/Info.plist;
				LD_RUNPATH_SEARCH_PATHS = (
					"$(inherited)",
					"@executable_path/Frameworks",
					"@loader_path/Frameworks",
				);
				PRODUCT_BUNDLE_IDENTIFIER = "com.LearnIOS.UITableView-UITableCellTwoUITests";
				PRODUCT_NAME = "$(TARGET_NAME)";
				SWIFT_VERSION = 5.0;
				TARGETED_DEVICE_FAMILY = "1,2";
				TEST_TARGET_NAME = UITableView.UITableCellTwo;
			};
			name = Debug;
		};
		FF4CC62726249AA6001478F3 /* Release */ = {
			isa = XCBuildConfiguration;
			buildSettings = {
				ALWAYS_EMBED_SWIFT_STANDARD_LIBRARIES = YES;
				CODE_SIGN_STYLE = Automatic;
				DEVELOPMENT_TEAM = HT46X4SNBR;
				INFOPLIST_FILE = UITableView.UITableCellTwoUITests/Info.plist;
				LD_RUNPATH_SEARCH_PATHS = (
					"$(inherited)",
					"@executable_path/Frameworks",
					"@loader_path/Frameworks",
				);
				PRODUCT_BUNDLE_IDENTIFIER = "com.LearnIOS.UITableView-UITableCellTwoUITests";
				PRODUCT_NAME = "$(TARGET_NAME)";
				SWIFT_VERSION = 5.0;
				TARGETED_DEVICE_FAMILY = "1,2";
				TEST_TARGET_NAME = UITableView.UITableCellTwo;
			};
			name = Release;
		};
/* End XCBuildConfiguration section */

/* Begin XCConfigurationList section */
		FF4CC5F026249AA4001478F3 /* Build configuration list for PBXProject "UITableView.UITableCellTwo" */ = {
			isa = XCConfigurationList;
			buildConfigurations = (
				FF4CC61D26249AA6001478F3 /* Debug */,
				FF4CC61E26249AA6001478F3 /* Release */,
			);
			defaultConfigurationIsVisible = 0;
			defaultConfigurationName = Release;
		};
		FF4CC61F26249AA6001478F3 /* Build configuration list for PBXNativeTarget "UITableView.UITableCellTwo" */ = {
			isa = XCConfigurationList;
			buildConfigurations = (
				FF4CC62026249AA6001478F3 /* Debug */,
				FF4CC62126249AA6001478F3 /* Release */,
			);
			defaultConfigurationIsVisible = 0;
			defaultConfigurationName = Release;
		};
		FF4CC62226249AA6001478F3 /* Build configuration list for PBXNativeTarget "UITableView.UITableCellTwoTests" */ = {
			isa = XCConfigurationList;
			buildConfigurations = (
				FF4CC62326249AA6001478F3 /* Debug */,
				FF4CC62426249AA6001478F3 /* Release */,
			);
			defaultConfigurationIsVisible = 0;
			defaultConfigurationName = Release;
		};
		FF4CC62526249AA6001478F3 /* Build configuration list for PBXNativeTarget "UITableView.UITableCellTwoUITests" */ = {
			isa = XCConfigurationList;
			buildConfigurations = (
				FF4CC62626249AA6001478F3 /* Debug */,
				FF4CC62726249AA6001478F3 /* Release */,
			);
			defaultConfigurationIsVisible = 0;
			defaultConfigurationName = Release;
		};
/* End XCConfigurationList section */
	};
	rootObject = FF4CC5ED26249AA4001478F3 /* Project object */;
}
